
Microsoft Visual Studio Solution File, Format Version 12.00
# Visual Studio Version 16
VisualStudioVersion = 16.0.33801.447
MinimumVisualStudioVersion = 10.0.40219.1
Project("{FAE04EC0-301F-11D3-BF4B-00C04F79EFBC}") = "WebApplication", "WebApplication\WebApplication.csproj", "{50F81B0B-6F64-40AE-930F-06A65A50A57D}"
EndProject
Global
	GlobalSection(SolutionConfigurationPlatforms) = preSolution
		Debug|Any CPU = Debug|Any CPU
		Release|Any CPU = Release|Any CPU
	EndGlobalSection
	GlobalSection(ProjectConfigurationPlatforms) = postSolution
		{50F81B0B-6F64-40AE-930F-06A65A50A57D}.Debug|Any CPU.ActiveCfg = Debug|Any CPU
		{50F81B0B-6F64-40AE-930F-06A65A50A57D}.Debug|Any CPU.Build.0 = Debug|Any CPU
		{50F81B0B-6F64-40AE-930F-06A65A50A57D}.Release|Any CPU.ActiveCfg = Release|Any CPU
		{50F81B0B-6F64-40AE-930F-06A65A50A57D}.Release|Any CPU.Build.0 = Release|Any CPU
	EndGlobalSection
	GlobalSection(SolutionProperties) = preSolution
		HideSolutionNode = FALSE
	EndGlobalSection
	GlobalSection(ExtensibilityGlobals) = postSolution
		SolutionGuid = {A6382100-B6A9-44BA-83D1-980EC6FEECE8}
	EndGlobalSection
EndGlobal
